
Microsoft Visual Studio Solution File, Format Version 12.00
Project("{FAE04EC0-301F-11D3-BF4B-00C04F79EFBC}") = "TestBootcamp", "TestBootcamp\TestBootcamp.csproj", "{DD7420C1-CBA0-4D36-8275-A60CCB17197C}"
EndProject
Project("{FAE04EC0-301F-11D3-BF4B-00C04F79EFBC}") = "TestBootcamp.UnitTests", "TestBootcamp.UnitTests\TestBootcamp.UnitTests.csproj", "{148D9D0F-65AF-4C3A-A5D5-F6778B0B82D5}"
EndProject
Global
	GlobalSection(SolutionConfigurationPlatforms) = preSolution
		Debug|Any CPU = Debug|Any CPU
		Release|Any CPU = Release|Any CPU
	EndGlobalSection
	GlobalSection(ProjectConfigurationPlatforms) = postSolution
		{DD7420C1-CBA0-4D36-8275-A60CCB17197C}.Debug|Any CPU.ActiveCfg = Debug|Any CPU
		{DD7420C1-CBA0-4D36-8275-A60CCB17197C}.Debug|Any CPU.Build.0 = Debug|Any CPU
		{DD7420C1-CBA0-4D36-8275-A60CCB17197C}.Release|Any CPU.ActiveCfg = Release|Any CPU
		{DD7420C1-CBA0-4D36-8275-A60CCB17197C}.Release|Any CPU.Build.0 = Release|Any CPU
		{148D9D0F-65AF-4C3A-A5D5-F6778B0B82D5}.Debug|Any CPU.ActiveCfg = Debug|Any CPU
		{148D9D0F-65AF-4C3A-A5D5-F6778B0B82D5}.Debug|Any CPU.Build.0 = Debug|Any CPU
		{148D9D0F-65AF-4C3A-A5D5-F6778B0B82D5}.Release|Any CPU.ActiveCfg = Release|Any CPU
		{148D9D0F-65AF-4C3A-A5D5-F6778B0B82D5}.Release|Any CPU.Build.0 = Release|Any CPU
	EndGlobalSection
EndGlobal
